
Microsoft Visual Studio Solution File, Format Version 12.00
# Visual Studio Version 17
VisualStudioVersion = 17.0.31903.59
MinimumVisualStudioVersion = 10.0.40219.1
Project("{2150E333-8FDC-42A3-9474-1A3956D46DE8}") = "src", "src", "{311EF20B-200B-4C03-9DF7-672EED7284E8}"
EndProject
Project("{FAE04EC0-301F-11D3-BF4B-00C04F79EFBC}") = "Salt.Extensions.DependencyInjection", "src\Salt.Extensions.DependencyInjection\Salt.Extensions.DependencyInjection.csproj", "{372B8346-7B71-4ABE-B448-09482ED2B6F3}"
EndProject
Project("{FAE04EC0-301F-11D3-BF4B-00C04F79EFBC}") = "Salt.Extensions.DependencyInjection.Tests", "src\Salt.Extensions.DependencyInjection.Tests\Salt.Extensions.DependencyInjection.Tests.csproj", "{7612B963-0F78-4AC0-841B-2DF6E70F1C25}"
EndProject
Global
	GlobalSection(SolutionConfigurationPlatforms) = preSolution
		Debug|Any CPU = Debug|Any CPU
		Release|Any CPU = Release|Any CPU
	EndGlobalSection
	GlobalSection(SolutionProperties) = preSolution
		HideSolutionNode = FALSE
	EndGlobalSection
	GlobalSection(ProjectConfigurationPlatforms) = postSolution
		{372B8346-7B71-4ABE-B448-09482ED2B6F3}.Debug|Any CPU.ActiveCfg = Debug|Any CPU
		{372B8346-7B71-4ABE-B448-09482ED2B6F3}.Debug|Any CPU.Build.0 = Debug|Any CPU
		{372B8346-7B71-4ABE-B448-09482ED2B6F3}.Release|Any CPU.ActiveCfg = Release|Any CPU
		{372B8346-7B71-4ABE-B448-09482ED2B6F3}.Release|Any CPU.Build.0 = Release|Any CPU
		{7612B963-0F78-4AC0-841B-2DF6E70F1C25}.Debug|Any CPU.ActiveCfg = Debug|Any CPU
		{7612B963-0F78-4AC0-841B-2DF6E70F1C25}.Debug|Any CPU.Build.0 = Debug|Any CPU
		{7612B963-0F78-4AC0-841B-2DF6E70F1C25}.Release|Any CPU.ActiveCfg = Release|Any CPU
		{7612B963-0F78-4AC0-841B-2DF6E70F1C25}.Release|Any CPU.Build.0 = Release|Any CPU
	EndGlobalSection
	GlobalSection(NestedProjects) = preSolution
		{372B8346-7B71-4ABE-B448-09482ED2B6F3} = {311EF20B-200B-4C03-9DF7-672EED7284E8}
		{7612B963-0F78-4AC0-841B-2DF6E70F1C25} = {311EF20B-200B-4C03-9DF7-672EED7284E8}
	EndGlobalSection
EndGlobal
